
Microsoft Visual Studio Solution File, Format Version 12.00
# Visual Studio Version 17
VisualStudioVersion = 17.11.35327.3
MinimumVisualStudioVersion = 10.0.40219.1
Project("{888888A0-9F3D-457C-B088-3A5042F75D52}") = "Lesson1", "Lesson1.pyproj", "{F149A471-B030-4FDE-8521-317E918193E0}"
EndProject
Global
	GlobalSection(SolutionConfigurationPlatforms) = preSolution
		Debug|Any CPU = Debug|Any CPU
		Release|Any CPU = Release|Any CPU
	EndGlobalSection
	GlobalSection(ProjectConfigurationPlatforms) = postSolution
		{F149A471-B030-4FDE-8521-317E918193E0}.Debug|Any CPU.ActiveCfg = Debug|Any CPU
		{F149A471-B030-4FDE-8521-317E918193E0}.Debug|Any CPU.Build.0 = Debug|Any CPU
		{F149A471-B030-4FDE-8521-317E918193E0}.Release|Any CPU.ActiveCfg = Release|Any CPU
		{F149A471-B030-4FDE-8521-317E918193E0}.Release|Any CPU.Build.0 = Release|Any CPU
	EndGlobalSection
	GlobalSection(SolutionProperties) = preSolution
		HideSolutionNode = FALSE
	EndGlobalSection
	GlobalSection(ExtensibilityGlobals) = postSolution
		SolutionGuid = {078CF1D6-FBD2-4B9E-9F30-C72FB290C58E}
	EndGlobalSection
EndGlobal
