
Microsoft Visual Studio Solution File, Format Version 12.00
# Visual Studio Version 17
VisualStudioVersion = 17.11.35327.3
MinimumVisualStudioVersion = 10.0.40219.1
Project("{888888A0-9F3D-457C-B088-3A5042F75D52}") = "MonitoringULFlask", "MonitoringULFlask.pyproj", "{292F5C4B-1A0D-4B07-858D-02D570981B01}"
EndProject
Global
	GlobalSection(SolutionConfigurationPlatforms) = preSolution
		Debug|Any CPU = Debug|Any CPU
		Release|Any CPU = Release|Any CPU
	EndGlobalSection
	GlobalSection(ProjectConfigurationPlatforms) = postSolution
		{292F5C4B-1A0D-4B07-858D-02D570981B01}.Debug|Any CPU.ActiveCfg = Debug|Any CPU
		{292F5C4B-1A0D-4B07-858D-02D570981B01}.Debug|Any CPU.Build.0 = Debug|Any CPU
		{292F5C4B-1A0D-4B07-858D-02D570981B01}.Release|Any CPU.ActiveCfg = Release|Any CPU
		{292F5C4B-1A0D-4B07-858D-02D570981B01}.Release|Any CPU.Build.0 = Release|Any CPU
	EndGlobalSection
	GlobalSection(SolutionProperties) = preSolution
		HideSolutionNode = FALSE
	EndGlobalSection
	GlobalSection(ExtensibilityGlobals) = postSolution
		SolutionGuid = {226EF0B6-4021-4710-9BB6-FCF56DE9A302}
	EndGlobalSection
EndGlobal
