
Microsoft Visual Studio Solution File, Format Version 12.00
# Visual Studio Version 17
VisualStudioVersion = 17.12.35527.113 d17.12
MinimumVisualStudioVersion = 10.0.40219.1
Project("{888888A0-9F3D-457C-B088-3A5042F75D52}") = "MonitoringULDjango", "MonitoringULDjango.pyproj", "{0D836B62-E6F6-43FA-9F25-F8E51C3A955A}"
EndProject
Global
	GlobalSection(SolutionConfigurationPlatforms) = preSolution
		Debug|Any CPU = Debug|Any CPU
		Release|Any CPU = Release|Any CPU
	EndGlobalSection
	GlobalSection(ProjectConfigurationPlatforms) = postSolution
		{0D836B62-E6F6-43FA-9F25-F8E51C3A955A}.Debug|Any CPU.ActiveCfg = Debug|Any CPU
		{0D836B62-E6F6-43FA-9F25-F8E51C3A955A}.Debug|Any CPU.Build.0 = Debug|Any CPU
		{0D836B62-E6F6-43FA-9F25-F8E51C3A955A}.Release|Any CPU.ActiveCfg = Release|Any CPU
		{0D836B62-E6F6-43FA-9F25-F8E51C3A955A}.Release|Any CPU.Build.0 = Release|Any CPU
	EndGlobalSection
	GlobalSection(SolutionProperties) = preSolution
		HideSolutionNode = FALSE
	EndGlobalSection
EndGlobal
